
Microsoft Visual Studio Solution File, Format Version 12.00
# Visual Studio Version 17
VisualStudioVersion = 17.7.34031.279
MinimumVisualStudioVersion = 10.0.40219.1
Project("{FAE04EC0-301F-11D3-BF4B-00C04F79EFBC}") = "Portfolio2_3", "Portfolio2_3.csproj", "{72CA4AA1-F704-455F-892D-BCD42C471ECF}"
EndProject
Global
	GlobalSection(SolutionConfigurationPlatforms) = preSolution
		Debug|Any CPU = Debug|Any CPU
		Release|Any CPU = Release|Any CPU
	EndGlobalSection
	GlobalSection(ProjectConfigurationPlatforms) = postSolution
		{72CA4AA1-F704-455F-892D-BCD42C471ECF}.Debug|Any CPU.ActiveCfg = Debug|Any CPU
		{72CA4AA1-F704-455F-892D-BCD42C471ECF}.Debug|Any CPU.Build.0 = Debug|Any CPU
		{72CA4AA1-F704-455F-892D-BCD42C471ECF}.Release|Any CPU.ActiveCfg = Release|Any CPU
		{72CA4AA1-F704-455F-892D-BCD42C471ECF}.Release|Any CPU.Build.0 = Release|Any CPU
	EndGlobalSection
	GlobalSection(SolutionProperties) = preSolution
		HideSolutionNode = FALSE
	EndGlobalSection
	GlobalSection(ExtensibilityGlobals) = postSolution
		SolutionGuid = {95D73F74-E8CF-45FC-A912-883BE2E1E2B2}
	EndGlobalSection
EndGlobal
